// !$*UTF8*$!
{
	archiveVersion = 1;
	classes = {
	};
	objectVersion = 77;
	objects = {

/* Begin PBXBuildFile section */
		E7C123FF2DE80015007F95EB /* Auth in Frameworks */ = {isa = PBXBuildFile; productRef = E7C123FE2DE80015007F95EB /* Auth */; };
		E7C124012DE80015007F95EB /* Functions in Frameworks */ = {isa = PBXBuildFile; productRef = E7C124002DE80015007F95EB /* Functions */; };
		E7C124032DE80015007F95EB /* PostgREST in Frameworks */ = {isa = PBXBuildFile; productRef = E7C124022DE80015007F95EB /* PostgREST */; };
		E7C124052DE80015007F95EB /* Storage in Frameworks */ = {isa = PBXBuildFile; productRef = E7C124042DE80015007F95EB /* Storage */; };
		E7C124082DE80035007F95EB /* Supabase in Frameworks */ = {isa = PBXBuildFile; productRef = E7C124072DE80035007F95EB /* Supabase */; };
		E7C124572DE8009C007F95EB /* pre-merge-commit.sample in Resources */ = {isa = PBXBuildFile; fileRef = E7C1240F2DE8009C007F95EB /* pre-merge-commit.sample */; };
		E7C124582DE8009C007F95EB /* .gitignore in Resources */ = {isa = PBXBuildFile; fileRef = E7C124562DE8009C007F95EB /* .gitignore */; };
		E7C124592DE8009C007F95EB /* 42885ec40ca01bd7899653da1b9d465368a334 in Resources */ = {isa = PBXBuildFile; fileRef = E7C124232DE8009C007F95EB /* 42885ec40ca01bd7899653da1b9d465368a334 */; };
		E7C1245A2DE8009C007F95EB /* pre-commit.sample in Resources */ = {isa = PBXBuildFile; fileRef = E7C1240E2DE8009C007F95EB /* pre-commit.sample */; };
		E7C1245B2DE8009C007F95EB /* 1be18b641d3a043601ce98b3fff3dd789f7523 in Resources */ = {isa = PBXBuildFile; fileRef = E7C1242D2DE8009C007F95EB /* 1be18b641d3a043601ce98b3fff3dd789f7523 */; };
		E7C1245C2DE8009C007F95EB /* 어--벌써데이-이슈-발생🚨.md in Resources */ = {isa = PBXBuildFile; fileRef = E7C124522DE8009C007F95EB /* 어--벌써데이-이슈-발생🚨.md */; };
		E7C1245D2DE8009C007F95EB /* config in Resources */ = {isa = PBXBuildFile; fileRef = E7C1244A2DE8009C007F95EB /* config */; };
		E7C1245E2DE8009C007F95EB /* pack-cfc104d8e189185dff2a067c18d8fa0eccbfd595.idx in Resources */ = {isa = PBXBuildFile; fileRef = E7C1243C2DE8009C007F95EB /* pack-cfc104d8e189185dff2a067c18d8fa0eccbfd595.idx */; };
		E7C1245F2DE8009C007F95EB /* 5be8b8d0c5fbb335cbfbb4b08c61e8cdca11f7 in Resources */ = {isa = PBXBuildFile; fileRef = E7C124392DE8009C007F95EB /* 5be8b8d0c5fbb335cbfbb4b08c61e8cdca11f7 */; };
		E7C124602DE8009C007F95EB /* post-update.sample in Resources */ = {isa = PBXBuildFile; fileRef = E7C1240C2DE8009C007F95EB /* post-update.sample */; };
		E7C124612DE8009C007F95EB /* 25783c4035558c846660fde578e72fdb396b32 in Resources */ = {isa = PBXBuildFile; fileRef = E7C1242F2DE8009C007F95EB /* 25783c4035558c846660fde578e72fdb396b32 */; };
		E7C124622DE8009C007F95EB /* ORIG_HEAD in Resources */ = {isa = PBXBuildFile; fileRef = E7C1244F2DE8009C007F95EB /* ORIG_HEAD */; };
		E7C124632DE8009C007F95EB /* 97573bab7e4445d7bce0cedf2e287611d778b3 in Resources */ = {isa = PBXBuildFile; fileRef = E7C124352DE8009C007F95EB /* 97573bab7e4445d7bce0cedf2e287611d778b3 */; };
		E7C124642DE8009C007F95EB /* c85bfd0e4bd7270575327d8b55bcfe66d79cea in Resources */ = {isa = PBXBuildFile; fileRef = E7C1242B2DE8009C007F95EB /* c85bfd0e4bd7270575327d8b55bcfe66d79cea */; };
		E7C124652DE8009C007F95EB /* update.sample in Resources */ = {isa = PBXBuildFile; fileRef = E7C124152DE8009C007F95EB /* update.sample */; };
		E7C124662DE8009C007F95EB /* init-supabase-sdk in Resources */ = {isa = PBXBuildFile; fileRef = E7C124402DE8009C007F95EB /* init-supabase-sdk */; };
		E7C124672DE8009C007F95EB /* pre-push.sample in Resources */ = {isa = PBXBuildFile; fileRef = E7C124102DE8009C007F95EB /* pre-push.sample */; };
		E7C124682DE8009C007F95EB /* applypatch-msg.sample in Resources */ = {isa = PBXBuildFile; fileRef = E7C124092DE8009C007F95EB /* applypatch-msg.sample */; };
		E7C124692DE8009C007F95EB /* pull_request_template.md in Resources */ = {isa = PBXBuildFile; fileRef = E7C124542DE8009C007F95EB /* pull_request_template.md */; };
		E7C1246A2DE8009C007F95EB /* packed-refs in Resources */ = {isa = PBXBuildFile; fileRef = E7C124502DE8009C007F95EB /* packed-refs */; };
		E7C1246B2DE8009C007F95EB /* HEAD in Resources */ = {isa = PBXBuildFile; fileRef = E7C1244D2DE8009C007F95EB /* HEAD */; };
		E7C1246C2DE8009C007F95EB /* HEAD in Resources */ = {isa = PBXBuildFile; fileRef = E7C124442DE8009C007F95EB /* HEAD */; };
		E7C1246D2DE8009C007F95EB /* 9323517bc8e6f7ac723ea082f597e51fdc6c60 in Resources */ = {isa = PBXBuildFile; fileRef = E7C124272DE8009C007F95EB /* 9323517bc8e6f7ac723ea082f597e51fdc6c60 */; };
		E7C1246E2DE8009C007F95EB /* index in Resources */ = {isa = PBXBuildFile; fileRef = E7C1244E2DE8009C007F95EB /* index */; };
		E7C1246F2DE8009C007F95EB /* prepare-commit-msg.sample in Resources */ = {isa = PBXBuildFile; fileRef = E7C124132DE8009C007F95EB /* prepare-commit-msg.sample */; };
		E7C124702DE8009C007F95EB /* init-supabase-sdk in Resources */ = {isa = PBXBuildFile; fileRef = E7C124192DE8009C007F95EB /* init-supabase-sdk */; };
		E7C124712DE8009C007F95EB /* pre-rebase.sample in Resources */ = {isa = PBXBuildFile; fileRef = E7C124112DE8009C007F95EB /* pre-rebase.sample */; };
		E7C124722DE8009C007F95EB /* push-to-checkout.sample in Resources */ = {isa = PBXBuildFile; fileRef = E7C124142DE8009C007F95EB /* push-to-checkout.sample */; };
		E7C124732DE8009C007F95EB /* description in Resources */ = {isa = PBXBuildFile; fileRef = E7C1244B2DE8009C007F95EB /* description */; };
		E7C124742DE8009C007F95EB /* pre-receive.sample in Resources */ = {isa = PBXBuildFile; fileRef = E7C124122DE8009C007F95EB /* pre-receive.sample */; };
		E7C124752DE8009C007F95EB /* exclude in Resources */ = {isa = PBXBuildFile; fileRef = E7C124172DE8009C007F95EB /* exclude */; };
		E7C124762DE8009C007F95EB /* pack-cfc104d8e189185dff2a067c18d8fa0eccbfd595.pack in Resources */ = {isa = PBXBuildFile; fileRef = E7C1243D2DE8009C007F95EB /* pack-cfc104d8e189185dff2a067c18d8fa0eccbfd595.pack */; };
		E7C124772DE8009C007F95EB /* a70815454d01e7e86b00145a0f97fa75c7b16f in Resources */ = {isa = PBXBuildFile; fileRef = E7C124372DE8009C007F95EB /* a70815454d01e7e86b00145a0f97fa75c7b16f */; };
		E7C124782DE8009C007F95EB /* 872d92bf7abd47747be3979c08d1a8f521ddae in Resources */ = {isa = PBXBuildFile; fileRef = E7C124312DE8009C007F95EB /* 872d92bf7abd47747be3979c08d1a8f521ddae */; };
		E7C124792DE8009C007F95EB /* commit-msg.sample in Resources */ = {isa = PBXBuildFile; fileRef = E7C1240A2DE8009C007F95EB /* commit-msg.sample */; };
		E7C1247A2DE8009C007F95EB /* COMMIT_EDITMSG in Resources */ = {isa = PBXBuildFile; fileRef = E7C124492DE8009C007F95EB /* COMMIT_EDITMSG */; };
		E7C1247B2DE8009C007F95EB /* fsmonitor-watchman.sample in Resources */ = {isa = PBXBuildFile; fileRef = E7C1240B2DE8009C007F95EB /* fsmonitor-watchman.sample */; };
		E7C1247C2DE8009C007F95EB /* 0ae926cf36fb7f6ab034c1de1655c14ef4fb22 in Resources */ = {isa = PBXBuildFile; fileRef = E7C124332DE8009C007F95EB /* 0ae926cf36fb7f6ab034c1de1655c14ef4fb22 */; };
		E7C1247D2DE8009C007F95EB /* 0ae4b48b5c42ca8afef1610a3da77ba193d25a in Resources */ = {isa = PBXBuildFile; fileRef = E7C124252DE8009C007F95EB /* 0ae4b48b5c42ca8afef1610a3da77ba193d25a */; };
		E7C1247E2DE8009C007F95EB /* HEAD in Resources */ = {isa = PBXBuildFile; fileRef = E7C1241D2DE8009C007F95EB /* HEAD */; };
		E7C1247F2DE8009C007F95EB /* FETCH_HEAD in Resources */ = {isa = PBXBuildFile; fileRef = E7C1244C2DE8009C007F95EB /* FETCH_HEAD */; };
		E7C124802DE8009C007F95EB /* HEAD in Resources */ = {isa = PBXBuildFile; fileRef = E7C124212DE8009C007F95EB /* HEAD */; };
		E7C124812DE8009C007F95EB /* pre-applypatch.sample in Resources */ = {isa = PBXBuildFile; fileRef = E7C1240D2DE8009C007F95EB /* pre-applypatch.sample */; };
		E7C124822DE8009C007F95EB /* 7ce1220d0892c9393814de6ae8c353f642ac42 in Resources */ = {isa = PBXBuildFile; fileRef = E7C124292DE8009C007F95EB /* 7ce1220d0892c9393814de6ae8c353f642ac42 */; };
/* End PBXBuildFile section */

/* Begin PBXFileReference section */
		2192E0312DE60D1F00E25BF7 /* BirtherDay.app */ = {isa = PBXFileReference; explicitFileType = wrapper.application; includeInIndex = 0; path = BirtherDay.app; sourceTree = BUILT_PRODUCTS_DIR; };
		E7C124092DE8009C007F95EB /* applypatch-msg.sample */ = {isa = PBXFileReference; lastKnownFileType = text.script.sh; path = "applypatch-msg.sample"; sourceTree = "<group>"; };
		E7C1240A2DE8009C007F95EB /* commit-msg.sample */ = {isa = PBXFileReference; lastKnownFileType = text.script.sh; path = "commit-msg.sample"; sourceTree = "<group>"; };
		E7C1240B2DE8009C007F95EB /* fsmonitor-watchman.sample */ = {isa = PBXFileReference; lastKnownFileType = text.script.perl; path = "fsmonitor-watchman.sample"; sourceTree = "<group>"; };
		E7C1240C2DE8009C007F95EB /* post-update.sample */ = {isa = PBXFileReference; lastKnownFileType = text.script.sh; path = "post-update.sample"; sourceTree = "<group>"; };
		E7C1240D2DE8009C007F95EB /* pre-applypatch.sample */ = {isa = PBXFileReference; lastKnownFileType = text.script.sh; path = "pre-applypatch.sample"; sourceTree = "<group>"; };
		E7C1240E2DE8009C007F95EB /* pre-commit.sample */ = {isa = PBXFileReference; lastKnownFileType = text.script.sh; path = "pre-commit.sample"; sourceTree = "<group>"; };
		E7C1240F2DE8009C007F95EB /* pre-merge-commit.sample */ = {isa = PBXFileReference; lastKnownFileType = text.script.sh; path = "pre-merge-commit.sample"; sourceTree = "<group>"; };
		E7C124102DE8009C007F95EB /* pre-push.sample */ = {isa = PBXFileReference; lastKnownFileType = text.script.sh; path = "pre-push.sample"; sourceTree = "<group>"; };
		E7C124112DE8009C007F95EB /* pre-rebase.sample */ = {isa = PBXFileReference; lastKnownFileType = text.script.sh; path = "pre-rebase.sample"; sourceTree = "<group>"; };
		E7C124122DE8009C007F95EB /* pre-receive.sample */ = {isa = PBXFileReference; lastKnownFileType = text.script.sh; path = "pre-receive.sample"; sourceTree = "<group>"; };
		E7C124132DE8009C007F95EB /* prepare-commit-msg.sample */ = {isa = PBXFileReference; lastKnownFileType = text.script.sh; path = "prepare-commit-msg.sample"; sourceTree = "<group>"; };
		E7C124142DE8009C007F95EB /* push-to-checkout.sample */ = {isa = PBXFileReference; lastKnownFileType = text.script.sh; path = "push-to-checkout.sample"; sourceTree = "<group>"; };
		E7C124152DE8009C007F95EB /* update.sample */ = {isa = PBXFileReference; lastKnownFileType = text.script.sh; path = update.sample; sourceTree = "<group>"; };
		E7C124172DE8009C007F95EB /* exclude */ = {isa = PBXFileReference; lastKnownFileType = text; path = exclude; sourceTree = "<group>"; };
		E7C124192DE8009C007F95EB /* init-supabase-sdk */ = {isa = PBXFileReference; lastKnownFileType = text; path = "init-supabase-sdk"; sourceTree = "<group>"; };
		E7C1241D2DE8009C007F95EB /* HEAD */ = {isa = PBXFileReference; lastKnownFileType = text; path = HEAD; sourceTree = "<group>"; };
		E7C124212DE8009C007F95EB /* HEAD */ = {isa = PBXFileReference; lastKnownFileType = text; path = HEAD; sourceTree = "<group>"; };
		E7C124232DE8009C007F95EB /* 42885ec40ca01bd7899653da1b9d465368a334 */ = {isa = PBXFileReference; lastKnownFileType = file; path = 42885ec40ca01bd7899653da1b9d465368a334; sourceTree = "<group>"; };
		E7C124252DE8009C007F95EB /* 0ae4b48b5c42ca8afef1610a3da77ba193d25a */ = {isa = PBXFileReference; lastKnownFileType = file; path = 0ae4b48b5c42ca8afef1610a3da77ba193d25a; sourceTree = "<group>"; };
		E7C124272DE8009C007F95EB /* 9323517bc8e6f7ac723ea082f597e51fdc6c60 */ = {isa = PBXFileReference; lastKnownFileType = file; path = 9323517bc8e6f7ac723ea082f597e51fdc6c60; sourceTree = "<group>"; };
		E7C124292DE8009C007F95EB /* 7ce1220d0892c9393814de6ae8c353f642ac42 */ = {isa = PBXFileReference; lastKnownFileType = file; path = 7ce1220d0892c9393814de6ae8c353f642ac42; sourceTree = "<group>"; };
		E7C1242B2DE8009C007F95EB /* c85bfd0e4bd7270575327d8b55bcfe66d79cea */ = {isa = PBXFileReference; lastKnownFileType = file; path = c85bfd0e4bd7270575327d8b55bcfe66d79cea; sourceTree = "<group>"; };
		E7C1242D2DE8009C007F95EB /* 1be18b641d3a043601ce98b3fff3dd789f7523 */ = {isa = PBXFileReference; lastKnownFileType = file; path = 1be18b641d3a043601ce98b3fff3dd789f7523; sourceTree = "<group>"; };
		E7C1242F2DE8009C007F95EB /* 25783c4035558c846660fde578e72fdb396b32 */ = {isa = PBXFileReference; lastKnownFileType = file; path = 25783c4035558c846660fde578e72fdb396b32; sourceTree = "<group>"; };
		E7C124312DE8009C007F95EB /* 872d92bf7abd47747be3979c08d1a8f521ddae */ = {isa = PBXFileReference; lastKnownFileType = file; path = 872d92bf7abd47747be3979c08d1a8f521ddae; sourceTree = "<group>"; };
		E7C124332DE8009C007F95EB /* 0ae926cf36fb7f6ab034c1de1655c14ef4fb22 */ = {isa = PBXFileReference; lastKnownFileType = file; path = 0ae926cf36fb7f6ab034c1de1655c14ef4fb22; sourceTree = "<group>"; };
		E7C124352DE8009C007F95EB /* 97573bab7e4445d7bce0cedf2e287611d778b3 */ = {isa = PBXFileReference; lastKnownFileType = file; path = 97573bab7e4445d7bce0cedf2e287611d778b3; sourceTree = "<group>"; };
		E7C124372DE8009C007F95EB /* a70815454d01e7e86b00145a0f97fa75c7b16f */ = {isa = PBXFileReference; lastKnownFileType = file; path = a70815454d01e7e86b00145a0f97fa75c7b16f; sourceTree = "<group>"; };
		E7C124392DE8009C007F95EB /* 5be8b8d0c5fbb335cbfbb4b08c61e8cdca11f7 */ = {isa = PBXFileReference; lastKnownFileType = file; path = 5be8b8d0c5fbb335cbfbb4b08c61e8cdca11f7; sourceTree = "<group>"; };
		E7C1243C2DE8009C007F95EB /* pack-cfc104d8e189185dff2a067c18d8fa0eccbfd595.idx */ = {isa = PBXFileReference; lastKnownFileType = file; path = "pack-cfc104d8e189185dff2a067c18d8fa0eccbfd595.idx"; sourceTree = "<group>"; };
		E7C1243D2DE8009C007F95EB /* pack-cfc104d8e189185dff2a067c18d8fa0eccbfd595.pack */ = {isa = PBXFileReference; lastKnownFileType = file; path = "pack-cfc104d8e189185dff2a067c18d8fa0eccbfd595.pack"; sourceTree = "<group>"; };
		E7C124402DE8009C007F95EB /* init-supabase-sdk */ = {isa = PBXFileReference; lastKnownFileType = text; path = "init-supabase-sdk"; sourceTree = "<group>"; };
		E7C124442DE8009C007F95EB /* HEAD */ = {isa = PBXFileReference; lastKnownFileType = text; path = HEAD; sourceTree = "<group>"; };
		E7C124492DE8009C007F95EB /* COMMIT_EDITMSG */ = {isa = PBXFileReference; lastKnownFileType = text; path = COMMIT_EDITMSG; sourceTree = "<group>"; };
		E7C1244A2DE8009C007F95EB /* config */ = {isa = PBXFileReference; lastKnownFileType = text; path = config; sourceTree = "<group>"; };
		E7C1244B2DE8009C007F95EB /* description */ = {isa = PBXFileReference; lastKnownFileType = text; path = description; sourceTree = "<group>"; };
		E7C1244C2DE8009C007F95EB /* FETCH_HEAD */ = {isa = PBXFileReference; lastKnownFileType = text; path = FETCH_HEAD; sourceTree = "<group>"; };
		E7C1244D2DE8009C007F95EB /* HEAD */ = {isa = PBXFileReference; lastKnownFileType = text; path = HEAD; sourceTree = "<group>"; };
		E7C1244E2DE8009C007F95EB /* index */ = {isa = PBXFileReference; lastKnownFileType = file; path = index; sourceTree = "<group>"; };
		E7C1244F2DE8009C007F95EB /* ORIG_HEAD */ = {isa = PBXFileReference; lastKnownFileType = text; path = ORIG_HEAD; sourceTree = "<group>"; };
		E7C124502DE8009C007F95EB /* packed-refs */ = {isa = PBXFileReference; lastKnownFileType = text; path = "packed-refs"; sourceTree = "<group>"; };
		E7C124522DE8009C007F95EB /* 어--벌써데이-이슈-발생🚨.md */ = {isa = PBXFileReference; lastKnownFileType = net.daringfireball.markdown; path = "어--벌써데이-이슈-발생🚨.md"; sourceTree = "<group>"; };
		E7C124542DE8009C007F95EB /* pull_request_template.md */ = {isa = PBXFileReference; lastKnownFileType = net.daringfireball.markdown; path = pull_request_template.md; sourceTree = "<group>"; };
		E7C124562DE8009C007F95EB /* .gitignore */ = {isa = PBXFileReference; lastKnownFileType = text; path = .gitignore; sourceTree = "<group>"; };
/* End PBXFileReference section */

/* Begin PBXFileSystemSynchronizedBuildFileExceptionSet section */
		E7C1248C2DE80E76007F95EB /* Exceptions for "BirtherDay" folder in "BirtherDay" target */ = {
			isa = PBXFileSystemSynchronizedBuildFileExceptionSet;
			membershipExceptions = (
				Info.plist,
			);
			target = 2192E0302DE60D1F00E25BF7 /* BirtherDay */;
		};
/* End PBXFileSystemSynchronizedBuildFileExceptionSet section */

/* Begin PBXFileSystemSynchronizedRootGroup section */
		2192E0332DE60D1F00E25BF7 /* BirtherDay */ = {
			isa = PBXFileSystemSynchronizedRootGroup;
			exceptions = (
				E7C1248C2DE80E76007F95EB /* Exceptions for "BirtherDay" folder in "BirtherDay" target */,
			);
			path = BirtherDay;
			sourceTree = "<group>";
		};
/* End PBXFileSystemSynchronizedRootGroup section */

/* Begin PBXFrameworksBuildPhase section */
		2192E02E2DE60D1F00E25BF7 /* Frameworks */ = {
			isa = PBXFrameworksBuildPhase;
			buildActionMask = 2147483647;
			files = (
				E7C124082DE80035007F95EB /* Supabase in Frameworks */,
				E7C124052DE80015007F95EB /* Storage in Frameworks */,
				E7C124032DE80015007F95EB /* PostgREST in Frameworks */,
				E7C124012DE80015007F95EB /* Functions in Frameworks */,
				E7C123FF2DE80015007F95EB /* Auth in Frameworks */,
			);
			runOnlyForDeploymentPostprocessing = 0;
		};
/* End PBXFrameworksBuildPhase section */

/* Begin PBXGroup section */
		2192E0282DE60D1F00E25BF7 = {
			isa = PBXGroup;
			children = (
				E7C124512DE8009C007F95EB /* .git */,
				E7C124552DE8009C007F95EB /* .github */,
				E7C124562DE8009C007F95EB /* .gitignore */,
				2192E0332DE60D1F00E25BF7 /* BirtherDay */,
				E7C124062DE80035007F95EB /* Frameworks */,
				2192E0322DE60D1F00E25BF7 /* Products */,
			);
			sourceTree = "<group>";
		};
		2192E0322DE60D1F00E25BF7 /* Products */ = {
			isa = PBXGroup;
			children = (
				2192E0312DE60D1F00E25BF7 /* BirtherDay.app */,
			);
			name = Products;
			sourceTree = "<group>";
		};
		E7C124062DE80035007F95EB /* Frameworks */ = {
			isa = PBXGroup;
			children = (
			);
			name = Frameworks;
			sourceTree = "<group>";
		};
		E7C124162DE8009C007F95EB /* hooks */ = {
			isa = PBXGroup;
			children = (
				E7C124092DE8009C007F95EB /* applypatch-msg.sample */,
				E7C1240A2DE8009C007F95EB /* commit-msg.sample */,
				E7C1240B2DE8009C007F95EB /* fsmonitor-watchman.sample */,
				E7C1240C2DE8009C007F95EB /* post-update.sample */,
				E7C1240D2DE8009C007F95EB /* pre-applypatch.sample */,
				E7C1240E2DE8009C007F95EB /* pre-commit.sample */,
				E7C1240F2DE8009C007F95EB /* pre-merge-commit.sample */,
				E7C124102DE8009C007F95EB /* pre-push.sample */,
				E7C124112DE8009C007F95EB /* pre-rebase.sample */,
				E7C124122DE8009C007F95EB /* pre-receive.sample */,
				E7C124132DE8009C007F95EB /* prepare-commit-msg.sample */,
				E7C124142DE8009C007F95EB /* push-to-checkout.sample */,
				E7C124152DE8009C007F95EB /* update.sample */,
			);
			path = hooks;
			sourceTree = "<group>";
		};
		E7C124182DE8009C007F95EB /* info */ = {
			isa = PBXGroup;
			children = (
				E7C124172DE8009C007F95EB /* exclude */,
			);
			path = info;
			sourceTree = "<group>";
		};
		E7C1241A2DE8009C007F95EB /* #5 */ = {
			isa = PBXGroup;
			children = (
				E7C124192DE8009C007F95EB /* init-supabase-sdk */,
			);
			path = "#5";
			sourceTree = "<group>";
		};
		E7C1241B2DE8009C007F95EB /* feat */ = {
			isa = PBXGroup;
			children = (
				E7C1241A2DE8009C007F95EB /* #5 */,
			);
			path = feat;
			sourceTree = "<group>";
		};
		E7C1241C2DE8009C007F95EB /* heads */ = {
			isa = PBXGroup;
			children = (
				E7C1241B2DE8009C007F95EB /* feat */,
			);
			path = heads;
			sourceTree = "<group>";
		};
		E7C1241E2DE8009C007F95EB /* origin */ = {
			isa = PBXGroup;
			children = (
				E7C1241D2DE8009C007F95EB /* HEAD */,
			);
			path = origin;
			sourceTree = "<group>";
		};
		E7C1241F2DE8009C007F95EB /* remotes */ = {
			isa = PBXGroup;
			children = (
				E7C1241E2DE8009C007F95EB /* origin */,
			);
			path = remotes;
			sourceTree = "<group>";
		};
		E7C124202DE8009C007F95EB /* refs */ = {
			isa = PBXGroup;
			children = (
				E7C1241C2DE8009C007F95EB /* heads */,
				E7C1241F2DE8009C007F95EB /* remotes */,
			);
			path = refs;
			sourceTree = "<group>";
		};
		E7C124222DE8009C007F95EB /* logs */ = {
			isa = PBXGroup;
			children = (
				E7C124202DE8009C007F95EB /* refs */,
				E7C124212DE8009C007F95EB /* HEAD */,
			);
			path = logs;
			sourceTree = "<group>";
		};
		E7C124242DE8009C007F95EB /* 0e */ = {
			isa = PBXGroup;
			children = (
				E7C124232DE8009C007F95EB /* 42885ec40ca01bd7899653da1b9d465368a334 */,
			);
			path = 0e;
			sourceTree = "<group>";
		};
		E7C124262DE8009C007F95EB /* 6d */ = {
			isa = PBXGroup;
			children = (
				E7C124252DE8009C007F95EB /* 0ae4b48b5c42ca8afef1610a3da77ba193d25a */,
			);
			path = 6d;
			sourceTree = "<group>";
		};
		E7C124282DE8009C007F95EB /* 7b */ = {
			isa = PBXGroup;
			children = (
				E7C124272DE8009C007F95EB /* 9323517bc8e6f7ac723ea082f597e51fdc6c60 */,
			);
			path = 7b;
			sourceTree = "<group>";
		};
		E7C1242A2DE8009C007F95EB /* 21 */ = {
			isa = PBXGroup;
			children = (
				E7C124292DE8009C007F95EB /* 7ce1220d0892c9393814de6ae8c353f642ac42 */,
			);
			path = 21;
			sourceTree = "<group>";
		};
		E7C1242C2DE8009C007F95EB /* 37 */ = {
			isa = PBXGroup;
			children = (
				E7C1242B2DE8009C007F95EB /* c85bfd0e4bd7270575327d8b55bcfe66d79cea */,
			);
			path = 37;
			sourceTree = "<group>";
		};
		E7C1242E2DE8009C007F95EB /* 42 */ = {
			isa = PBXGroup;
			children = (
				E7C1242D2DE8009C007F95EB /* 1be18b641d3a043601ce98b3fff3dd789f7523 */,
			);
			path = 42;
			sourceTree = "<group>";
		};
		E7C124302DE8009C007F95EB /* 64 */ = {
			isa = PBXGroup;
			children = (
				E7C1242F2DE8009C007F95EB /* 25783c4035558c846660fde578e72fdb396b32 */,
			);
			path = 64;
			sourceTree = "<group>";
		};
		E7C124322DE8009C007F95EB /* 67 */ = {
			isa = PBXGroup;
			children = (
				E7C124312DE8009C007F95EB /* 872d92bf7abd47747be3979c08d1a8f521ddae */,
			);
			path = 67;
			sourceTree = "<group>";
		};
		E7C124342DE8009C007F95EB /* 78 */ = {
			isa = PBXGroup;
			children = (
				E7C124332DE8009C007F95EB /* 0ae926cf36fb7f6ab034c1de1655c14ef4fb22 */,
			);
			path = 78;
			sourceTree = "<group>";
		};
		E7C124362DE8009C007F95EB /* a8 */ = {
			isa = PBXGroup;
			children = (
				E7C124352DE8009C007F95EB /* 97573bab7e4445d7bce0cedf2e287611d778b3 */,
			);
			path = a8;
			sourceTree = "<group>";
		};
		E7C124382DE8009C007F95EB /* c7 */ = {
			isa = PBXGroup;
			children = (
				E7C124372DE8009C007F95EB /* a70815454d01e7e86b00145a0f97fa75c7b16f */,
			);
			path = c7;
			sourceTree = "<group>";
		};
		E7C1243A2DE8009C007F95EB /* e1 */ = {
			isa = PBXGroup;
			children = (
				E7C124392DE8009C007F95EB /* 5be8b8d0c5fbb335cbfbb4b08c61e8cdca11f7 */,
			);
			path = e1;
			sourceTree = "<group>";
		};
		E7C1243B2DE8009C007F95EB /* info */ = {
			isa = PBXGroup;
			children = (
			);
			path = info;
			sourceTree = "<group>";
		};
		E7C1243E2DE8009C007F95EB /* pack */ = {
			isa = PBXGroup;
			children = (
				E7C1243C2DE8009C007F95EB /* pack-cfc104d8e189185dff2a067c18d8fa0eccbfd595.idx */,
				E7C1243D2DE8009C007F95EB /* pack-cfc104d8e189185dff2a067c18d8fa0eccbfd595.pack */,
			);
			path = pack;
			sourceTree = "<group>";
		};
		E7C1243F2DE8009C007F95EB /* objects */ = {
			isa = PBXGroup;
			children = (
				E7C124242DE8009C007F95EB /* 0e */,
				E7C124262DE8009C007F95EB /* 6d */,
				E7C124282DE8009C007F95EB /* 7b */,
				E7C1242A2DE8009C007F95EB /* 21 */,
				E7C1242C2DE8009C007F95EB /* 37 */,
				E7C1242E2DE8009C007F95EB /* 42 */,
				E7C124302DE8009C007F95EB /* 64 */,
				E7C124322DE8009C007F95EB /* 67 */,
				E7C124342DE8009C007F95EB /* 78 */,
				E7C124362DE8009C007F95EB /* a8 */,
				E7C124382DE8009C007F95EB /* c7 */,
				E7C1243A2DE8009C007F95EB /* e1 */,
				E7C1243B2DE8009C007F95EB /* info */,
				E7C1243E2DE8009C007F95EB /* pack */,
			);
			path = objects;
			sourceTree = "<group>";
		};
		E7C124412DE8009C007F95EB /* #5 */ = {
			isa = PBXGroup;
			children = (
				E7C124402DE8009C007F95EB /* init-supabase-sdk */,
			);
			path = "#5";
			sourceTree = "<group>";
		};
		E7C124422DE8009C007F95EB /* feat */ = {
			isa = PBXGroup;
			children = (
				E7C124412DE8009C007F95EB /* #5 */,
			);
			path = feat;
			sourceTree = "<group>";
		};
		E7C124432DE8009C007F95EB /* heads */ = {
			isa = PBXGroup;
			children = (
				E7C124422DE8009C007F95EB /* feat */,
			);
			path = heads;
			sourceTree = "<group>";
		};
		E7C124452DE8009C007F95EB /* origin */ = {
			isa = PBXGroup;
			children = (
				E7C124442DE8009C007F95EB /* HEAD */,
			);
			path = origin;
			sourceTree = "<group>";
		};
		E7C124462DE8009C007F95EB /* remotes */ = {
			isa = PBXGroup;
			children = (
				E7C124452DE8009C007F95EB /* origin */,
			);
			path = remotes;
			sourceTree = "<group>";
		};
		E7C124472DE8009C007F95EB /* tags */ = {
			isa = PBXGroup;
			children = (
			);
			path = tags;
			sourceTree = "<group>";
		};
		E7C124482DE8009C007F95EB /* refs */ = {
			isa = PBXGroup;
			children = (
				E7C124432DE8009C007F95EB /* heads */,
				E7C124462DE8009C007F95EB /* remotes */,
				E7C124472DE8009C007F95EB /* tags */,
			);
			path = refs;
			sourceTree = "<group>";
		};
		E7C124512DE8009C007F95EB /* .git */ = {
			isa = PBXGroup;
			children = (
				E7C124162DE8009C007F95EB /* hooks */,
				E7C124182DE8009C007F95EB /* info */,
				E7C124222DE8009C007F95EB /* logs */,
				E7C1243F2DE8009C007F95EB /* objects */,
				E7C124482DE8009C007F95EB /* refs */,
				E7C124492DE8009C007F95EB /* COMMIT_EDITMSG */,
				E7C1244A2DE8009C007F95EB /* config */,
				E7C1244B2DE8009C007F95EB /* description */,
				E7C1244C2DE8009C007F95EB /* FETCH_HEAD */,
				E7C1244D2DE8009C007F95EB /* HEAD */,
				E7C1244E2DE8009C007F95EB /* index */,
				E7C1244F2DE8009C007F95EB /* ORIG_HEAD */,
				E7C124502DE8009C007F95EB /* packed-refs */,
			);
			path = .git;
			sourceTree = "<group>";
		};
		E7C124532DE8009C007F95EB /* ISSUE_TEMPLATE */ = {
			isa = PBXGroup;
			children = (
				E7C124522DE8009C007F95EB /* 어--벌써데이-이슈-발생🚨.md */,
			);
			path = ISSUE_TEMPLATE;
			sourceTree = "<group>";
		};
		E7C124552DE8009C007F95EB /* .github */ = {
			isa = PBXGroup;
			children = (
				E7C124532DE8009C007F95EB /* ISSUE_TEMPLATE */,
				E7C124542DE8009C007F95EB /* pull_request_template.md */,
			);
			path = .github;
			sourceTree = "<group>";
		};
/* End PBXGroup section */

/* Begin PBXNativeTarget section */
		2192E0302DE60D1F00E25BF7 /* BirtherDay */ = {
			isa = PBXNativeTarget;
			buildConfigurationList = 2192E03F2DE60D2100E25BF7 /* Build configuration list for PBXNativeTarget "BirtherDay" */;
			buildPhases = (
				2192E02D2DE60D1F00E25BF7 /* Sources */,
				2192E02E2DE60D1F00E25BF7 /* Frameworks */,
				2192E02F2DE60D1F00E25BF7 /* Resources */,
			);
			buildRules = (
			);
			dependencies = (
			);
			fileSystemSynchronizedGroups = (
				2192E0332DE60D1F00E25BF7 /* BirtherDay */,
			);
			name = BirtherDay;
			packageProductDependencies = (
				E7C123FE2DE80015007F95EB /* Auth */,
				E7C124002DE80015007F95EB /* Functions */,
				E7C124022DE80015007F95EB /* PostgREST */,
				E7C124042DE80015007F95EB /* Storage */,
				E7C124072DE80035007F95EB /* Supabase */,
			);
			productName = BirtherDay;
			productReference = 2192E0312DE60D1F00E25BF7 /* BirtherDay.app */;
			productType = "com.apple.product-type.application";
		};
/* End PBXNativeTarget section */

/* Begin PBXProject section */
		2192E0292DE60D1F00E25BF7 /* Project object */ = {
			isa = PBXProject;
			attributes = {
				BuildIndependentTargetsInParallel = 1;
				LastSwiftUpdateCheck = 1620;
				LastUpgradeCheck = 1620;
				TargetAttributes = {
					2192E0302DE60D1F00E25BF7 = {
						CreatedOnToolsVersion = 16.2;
					};
				};
			};
			buildConfigurationList = 2192E02C2DE60D1F00E25BF7 /* Build configuration list for PBXProject "BirtherDay" */;
			developmentRegion = en;
			hasScannedForEncodings = 0;
			knownRegions = (
				en,
				Base,
			);
			mainGroup = 2192E0282DE60D1F00E25BF7;
			minimizedProjectReferenceProxies = 1;
			packageReferences = (
				E7C123FD2DE80015007F95EB /* XCRemoteSwiftPackageReference "supabase-swift" */,
			);
			preferredProjectObjectVersion = 77;
			productRefGroup = 2192E0322DE60D1F00E25BF7 /* Products */;
			projectDirPath = "";
			projectRoot = "";
			targets = (
				2192E0302DE60D1F00E25BF7 /* BirtherDay */,
			);
		};
/* End PBXProject section */

/* Begin PBXResourcesBuildPhase section */
		2192E02F2DE60D1F00E25BF7 /* Resources */ = {
			isa = PBXResourcesBuildPhase;
			buildActionMask = 2147483647;
			files = (
				E7C124572DE8009C007F95EB /* pre-merge-commit.sample in Resources */,
				E7C124582DE8009C007F95EB /* .gitignore in Resources */,
				E7C124592DE8009C007F95EB /* 42885ec40ca01bd7899653da1b9d465368a334 in Resources */,
				E7C1245A2DE8009C007F95EB /* pre-commit.sample in Resources */,
				E7C1245B2DE8009C007F95EB /* 1be18b641d3a043601ce98b3fff3dd789f7523 in Resources */,
				E7C1245C2DE8009C007F95EB /* 어--벌써데이-이슈-발생🚨.md in Resources */,
				E7C1245D2DE8009C007F95EB /* config in Resources */,
				E7C1245E2DE8009C007F95EB /* pack-cfc104d8e189185dff2a067c18d8fa0eccbfd595.idx in Resources */,
				E7C1245F2DE8009C007F95EB /* 5be8b8d0c5fbb335cbfbb4b08c61e8cdca11f7 in Resources */,
				E7C124602DE8009C007F95EB /* post-update.sample in Resources */,
				E7C124612DE8009C007F95EB /* 25783c4035558c846660fde578e72fdb396b32 in Resources */,
				E7C124622DE8009C007F95EB /* ORIG_HEAD in Resources */,
				E7C124632DE8009C007F95EB /* 97573bab7e4445d7bce0cedf2e287611d778b3 in Resources */,
				E7C124642DE8009C007F95EB /* c85bfd0e4bd7270575327d8b55bcfe66d79cea in Resources */,
				E7C124652DE8009C007F95EB /* update.sample in Resources */,
				E7C124662DE8009C007F95EB /* init-supabase-sdk in Resources */,
				E7C124672DE8009C007F95EB /* pre-push.sample in Resources */,
				E7C124682DE8009C007F95EB /* applypatch-msg.sample in Resources */,
				E7C124692DE8009C007F95EB /* pull_request_template.md in Resources */,
				E7C1246A2DE8009C007F95EB /* packed-refs in Resources */,
				E7C1246B2DE8009C007F95EB /* HEAD in Resources */,
				E7C1246C2DE8009C007F95EB /* HEAD in Resources */,
				E7C1246D2DE8009C007F95EB /* 9323517bc8e6f7ac723ea082f597e51fdc6c60 in Resources */,
				E7C1246E2DE8009C007F95EB /* index in Resources */,
				E7C1246F2DE8009C007F95EB /* prepare-commit-msg.sample in Resources */,
				E7C124702DE8009C007F95EB /* init-supabase-sdk in Resources */,
				E7C124712DE8009C007F95EB /* pre-rebase.sample in Resources */,
				E7C124722DE8009C007F95EB /* push-to-checkout.sample in Resources */,
				E7C124732DE8009C007F95EB /* description in Resources */,
				E7C124742DE8009C007F95EB /* pre-receive.sample in Resources */,
				E7C124752DE8009C007F95EB /* exclude in Resources */,
				E7C124762DE8009C007F95EB /* pack-cfc104d8e189185dff2a067c18d8fa0eccbfd595.pack in Resources */,
				E7C124772DE8009C007F95EB /* a70815454d01e7e86b00145a0f97fa75c7b16f in Resources */,
				E7C124782DE8009C007F95EB /* 872d92bf7abd47747be3979c08d1a8f521ddae in Resources */,
				E7C124792DE8009C007F95EB /* commit-msg.sample in Resources */,
				E7C1247A2DE8009C007F95EB /* COMMIT_EDITMSG in Resources */,
				E7C1247B2DE8009C007F95EB /* fsmonitor-watchman.sample in Resources */,
				E7C1247C2DE8009C007F95EB /* 0ae926cf36fb7f6ab034c1de1655c14ef4fb22 in Resources */,
				E7C1247D2DE8009C007F95EB /* 0ae4b48b5c42ca8afef1610a3da77ba193d25a in Resources */,
				E7C1247E2DE8009C007F95EB /* HEAD in Resources */,
				E7C1247F2DE8009C007F95EB /* FETCH_HEAD in Resources */,
				E7C124802DE8009C007F95EB /* HEAD in Resources */,
				E7C124812DE8009C007F95EB /* pre-applypatch.sample in Resources */,
				E7C124822DE8009C007F95EB /* 7ce1220d0892c9393814de6ae8c353f642ac42 in Resources */,
			);
			runOnlyForDeploymentPostprocessing = 0;
		};
/* End PBXResourcesBuildPhase section */

/* Begin PBXSourcesBuildPhase section */
		2192E02D2DE60D1F00E25BF7 /* Sources */ = {
			isa = PBXSourcesBuildPhase;
			buildActionMask = 2147483647;
			files = (
			);
			runOnlyForDeploymentPostprocessing = 0;
		};
/* End PBXSourcesBuildPhase section */

/* Begin XCBuildConfiguration section */
		2192E03D2DE60D2100E25BF7 /* Debug */ = {
			isa = XCBuildConfiguration;
			baseConfigurationReferenceAnchor = 2192E0332DE60D1F00E25BF7 /* BirtherDay */;
			baseConfigurationReferenceRelativePath = Core/Remote/Config.xcconfig;
			buildSettings = {
				ALWAYS_SEARCH_USER_PATHS = NO;
				ASSETCATALOG_COMPILER_GENERATE_SWIFT_ASSET_SYMBOL_EXTENSIONS = YES;
				CLANG_ANALYZER_NONNULL = YES;
				CLANG_ANALYZER_NUMBER_OBJECT_CONVERSION = YES_AGGRESSIVE;
				CLANG_CXX_LANGUAGE_STANDARD = "gnu++20";
				CLANG_ENABLE_MODULES = YES;
				CLANG_ENABLE_OBJC_ARC = YES;
				CLANG_ENABLE_OBJC_WEAK = YES;
				CLANG_WARN_BLOCK_CAPTURE_AUTORELEASING = YES;
				CLANG_WARN_BOOL_CONVERSION = YES;
				CLANG_WARN_COMMA = YES;
				CLANG_WARN_CONSTANT_CONVERSION = YES;
				CLANG_WARN_DEPRECATED_OBJC_IMPLEMENTATIONS = YES;
				CLANG_WARN_DIRECT_OBJC_ISA_USAGE = YES_ERROR;
				CLANG_WARN_DOCUMENTATION_COMMENTS = YES;
				CLANG_WARN_EMPTY_BODY = YES;
				CLANG_WARN_ENUM_CONVERSION = YES;
				CLANG_WARN_INFINITE_RECURSION = YES;
				CLANG_WARN_INT_CONVERSION = YES;
				CLANG_WARN_NON_LITERAL_NULL_CONVERSION = YES;
				CLANG_WARN_OBJC_IMPLICIT_RETAIN_SELF = YES;
				CLANG_WARN_OBJC_LITERAL_CONVERSION = YES;
				CLANG_WARN_OBJC_ROOT_CLASS = YES_ERROR;
				CLANG_WARN_QUOTED_INCLUDE_IN_FRAMEWORK_HEADER = YES;
				CLANG_WARN_RANGE_LOOP_ANALYSIS = YES;
				CLANG_WARN_STRICT_PROTOTYPES = YES;
				CLANG_WARN_SUSPICIOUS_MOVE = YES;
				CLANG_WARN_UNGUARDED_AVAILABILITY = YES_AGGRESSIVE;
				CLANG_WARN_UNREACHABLE_CODE = YES;
				CLANG_WARN__DUPLICATE_METHOD_MATCH = YES;
				COPY_PHASE_STRIP = NO;
				DEBUG_INFORMATION_FORMAT = dwarf;
				ENABLE_STRICT_OBJC_MSGSEND = YES;
				ENABLE_TESTABILITY = YES;
				ENABLE_USER_SCRIPT_SANDBOXING = YES;
				GCC_C_LANGUAGE_STANDARD = gnu17;
				GCC_DYNAMIC_NO_PIC = NO;
				GCC_NO_COMMON_BLOCKS = YES;
				GCC_OPTIMIZATION_LEVEL = 0;
				GCC_PREPROCESSOR_DEFINITIONS = (
					"DEBUG=1",
					"$(inherited)",
				);
				GCC_WARN_64_TO_32_BIT_CONVERSION = YES;
				GCC_WARN_ABOUT_RETURN_TYPE = YES_ERROR;
				GCC_WARN_UNDECLARED_SELECTOR = YES;
				GCC_WARN_UNINITIALIZED_AUTOS = YES_AGGRESSIVE;
				GCC_WARN_UNUSED_FUNCTION = YES;
				GCC_WARN_UNUSED_VARIABLE = YES;
				IPHONEOS_DEPLOYMENT_TARGET = 18.2;
				LOCALIZATION_PREFERS_STRING_CATALOGS = YES;
				MTL_ENABLE_DEBUG_INFO = INCLUDE_SOURCE;
				MTL_FAST_MATH = YES;
				ONLY_ACTIVE_ARCH = YES;
				SDKROOT = iphoneos;
				SWIFT_ACTIVE_COMPILATION_CONDITIONS = "DEBUG $(inherited)";
				SWIFT_OPTIMIZATION_LEVEL = "-Onone";
			};
			name = Debug;
		};
		2192E03E2DE60D2100E25BF7 /* Release */ = {
			isa = XCBuildConfiguration;
			baseConfigurationReferenceAnchor = 2192E0332DE60D1F00E25BF7 /* BirtherDay */;
			baseConfigurationReferenceRelativePath = Core/Remote/Config.xcconfig;
			buildSettings = {
				ALWAYS_SEARCH_USER_PATHS = NO;
				ASSETCATALOG_COMPILER_GENERATE_SWIFT_ASSET_SYMBOL_EXTENSIONS = YES;
				CLANG_ANALYZER_NONNULL = YES;
				CLANG_ANALYZER_NUMBER_OBJECT_CONVERSION = YES_AGGRESSIVE;
				CLANG_CXX_LANGUAGE_STANDARD = "gnu++20";
				CLANG_ENABLE_MODULES = YES;
				CLANG_ENABLE_OBJC_ARC = YES;
				CLANG_ENABLE_OBJC_WEAK = YES;
				CLANG_WARN_BLOCK_CAPTURE_AUTORELEASING = YES;
				CLANG_WARN_BOOL_CONVERSION = YES;
				CLANG_WARN_COMMA = YES;
				CLANG_WARN_CONSTANT_CONVERSION = YES;
				CLANG_WARN_DEPRECATED_OBJC_IMPLEMENTATIONS = YES;
				CLANG_WARN_DIRECT_OBJC_ISA_USAGE = YES_ERROR;
				CLANG_WARN_DOCUMENTATION_COMMENTS = YES;
				CLANG_WARN_EMPTY_BODY = YES;
				CLANG_WARN_ENUM_CONVERSION = YES;
				CLANG_WARN_INFINITE_RECURSION = YES;
				CLANG_WARN_INT_CONVERSION = YES;
				CLANG_WARN_NON_LITERAL_NULL_CONVERSION = YES;
				CLANG_WARN_OBJC_IMPLICIT_RETAIN_SELF = YES;
				CLANG_WARN_OBJC_LITERAL_CONVERSION = YES;
				CLANG_WARN_OBJC_ROOT_CLASS = YES_ERROR;
				CLANG_WARN_QUOTED_INCLUDE_IN_FRAMEWORK_HEADER = YES;
				CLANG_WARN_RANGE_LOOP_ANALYSIS = YES;
				CLANG_WARN_STRICT_PROTOTYPES = YES;
				CLANG_WARN_SUSPICIOUS_MOVE = YES;
				CLANG_WARN_UNGUARDED_AVAILABILITY = YES_AGGRESSIVE;
				CLANG_WARN_UNREACHABLE_CODE = YES;
				CLANG_WARN__DUPLICATE_METHOD_MATCH = YES;
				COPY_PHASE_STRIP = NO;
				DEBUG_INFORMATION_FORMAT = "dwarf-with-dsym";
				ENABLE_NS_ASSERTIONS = NO;
				ENABLE_STRICT_OBJC_MSGSEND = YES;
				ENABLE_USER_SCRIPT_SANDBOXING = YES;
				GCC_C_LANGUAGE_STANDARD = gnu17;
				GCC_NO_COMMON_BLOCKS = YES;
				GCC_WARN_64_TO_32_BIT_CONVERSION = YES;
				GCC_WARN_ABOUT_RETURN_TYPE = YES_ERROR;
				GCC_WARN_UNDECLARED_SELECTOR = YES;
				GCC_WARN_UNINITIALIZED_AUTOS = YES_AGGRESSIVE;
				GCC_WARN_UNUSED_FUNCTION = YES;
				GCC_WARN_UNUSED_VARIABLE = YES;
				IPHONEOS_DEPLOYMENT_TARGET = 18.2;
				LOCALIZATION_PREFERS_STRING_CATALOGS = YES;
				MTL_ENABLE_DEBUG_INFO = NO;
				MTL_FAST_MATH = YES;
				SDKROOT = iphoneos;
				SWIFT_COMPILATION_MODE = wholemodule;
				VALIDATE_PRODUCT = YES;
			};
			name = Release;
		};
		2192E0402DE60D2100E25BF7 /* Debug */ = {
			isa = XCBuildConfiguration;
			buildSettings = {
				ASSETCATALOG_COMPILER_APPICON_NAME = AppIcon;
				ASSETCATALOG_COMPILER_GLOBAL_ACCENT_COLOR_NAME = AccentColor;
				CODE_SIGN_STYLE = Automatic;
				CURRENT_PROJECT_VERSION = 1;
				DEVELOPMENT_ASSET_PATHS = "\"BirtherDay/App/Preview Content\"";
				DEVELOPMENT_TEAM = 3HYFT54PK2;
				ENABLE_PREVIEWS = YES;
				GENERATE_INFOPLIST_FILE = YES;
				INFOPLIST_FILE = BirtherDay/Info.plist;
				INFOPLIST_KEY_UIApplicationSceneManifest_Generation = YES;
				INFOPLIST_KEY_UIApplicationSupportsIndirectInputEvents = YES;
				INFOPLIST_KEY_UILaunchScreen_Generation = YES;
				INFOPLIST_KEY_UISupportedInterfaceOrientations_iPad = "UIInterfaceOrientationPortrait UIInterfaceOrientationPortraitUpsideDown UIInterfaceOrientationLandscapeLeft UIInterfaceOrientationLandscapeRight";
				INFOPLIST_KEY_UISupportedInterfaceOrientations_iPhone = "UIInterfaceOrientationPortrait UIInterfaceOrientationLandscapeLeft UIInterfaceOrientationLandscapeRight";
				LD_RUNPATH_SEARCH_PATHS = (
					"$(inherited)",
					"@executable_path/Frameworks",
				);
				MARKETING_VERSION = 1.0;
				PRODUCT_BUNDLE_IDENTIFIER = com.BirtherDay;
				PRODUCT_NAME = "$(TARGET_NAME)";
				SWIFT_EMIT_LOC_STRINGS = YES;
				SWIFT_VERSION = 5.0;
				TARGETED_DEVICE_FAMILY = "1,2";
			};
			name = Debug;
		};
		2192E0412DE60D2100E25BF7 /* Release */ = {
			isa = XCBuildConfiguration;
			buildSettings = {
				ASSETCATALOG_COMPILER_APPICON_NAME = AppIcon;
				ASSETCATALOG_COMPILER_GLOBAL_ACCENT_COLOR_NAME = AccentColor;
				CODE_SIGN_STYLE = Automatic;
				CURRENT_PROJECT_VERSION = 1;
				DEVELOPMENT_ASSET_PATHS = "\"BirtherDay/App/Preview Content\"";
				DEVELOPMENT_TEAM = 3HYFT54PK2;
				ENABLE_PREVIEWS = YES;
				GENERATE_INFOPLIST_FILE = YES;
				INFOPLIST_FILE = BirtherDay/Info.plist;
				INFOPLIST_KEY_UIApplicationSceneManifest_Generation = YES;
				INFOPLIST_KEY_UIApplicationSupportsIndirectInputEvents = YES;
				INFOPLIST_KEY_UILaunchScreen_Generation = YES;
				INFOPLIST_KEY_UISupportedInterfaceOrientations_iPad = "UIInterfaceOrientationPortrait UIInterfaceOrientationPortraitUpsideDown UIInterfaceOrientationLandscapeLeft UIInterfaceOrientationLandscapeRight";
				INFOPLIST_KEY_UISupportedInterfaceOrientations_iPhone = "UIInterfaceOrientationPortrait UIInterfaceOrientationLandscapeLeft UIInterfaceOrientationLandscapeRight";
				LD_RUNPATH_SEARCH_PATHS = (
					"$(inherited)",
					"@executable_path/Frameworks",
				);
				MARKETING_VERSION = 1.0;
				PRODUCT_BUNDLE_IDENTIFIER = com.BirtherDay;
				PRODUCT_NAME = "$(TARGET_NAME)";
				SWIFT_EMIT_LOC_STRINGS = YES;
				SWIFT_VERSION = 5.0;
				TARGETED_DEVICE_FAMILY = "1,2";
			};
			name = Release;
		};
/* End XCBuildConfiguration section */

/* Begin XCConfigurationList section */
		2192E02C2DE60D1F00E25BF7 /* Build configuration list for PBXProject "BirtherDay" */ = {
			isa = XCConfigurationList;
			buildConfigurations = (
				2192E03D2DE60D2100E25BF7 /* Debug */,
				2192E03E2DE60D2100E25BF7 /* Release */,
			);
			defaultConfigurationIsVisible = 0;
			defaultConfigurationName = Release;
		};
		2192E03F2DE60D2100E25BF7 /* Build configuration list for PBXNativeTarget "BirtherDay" */ = {
			isa = XCConfigurationList;
			buildConfigurations = (
				2192E0402DE60D2100E25BF7 /* Debug */,
				2192E0412DE60D2100E25BF7 /* Release */,
			);
			defaultConfigurationIsVisible = 0;
			defaultConfigurationName = Release;
		};
/* End XCConfigurationList section */

/* Begin XCRemoteSwiftPackageReference section */
		E7C123FD2DE80015007F95EB /* XCRemoteSwiftPackageReference "supabase-swift" */ = {
			isa = XCRemoteSwiftPackageReference;
			repositoryURL = "https://github.com/supabase/supabase-swift.git";
			requirement = {
				kind = upToNextMajorVersion;
				minimumVersion = 2.5.1;
			};
		};
/* End XCRemoteSwiftPackageReference section */

/* Begin XCSwiftPackageProductDependency section */
		E7C123FE2DE80015007F95EB /* Auth */ = {
			isa = XCSwiftPackageProductDependency;
			package = E7C123FD2DE80015007F95EB /* XCRemoteSwiftPackageReference "supabase-swift" */;
			productName = Auth;
		};
		E7C124002DE80015007F95EB /* Functions */ = {
			isa = XCSwiftPackageProductDependency;
			package = E7C123FD2DE80015007F95EB /* XCRemoteSwiftPackageReference "supabase-swift" */;
			productName = Functions;
		};
		E7C124022DE80015007F95EB /* PostgREST */ = {
			isa = XCSwiftPackageProductDependency;
			package = E7C123FD2DE80015007F95EB /* XCRemoteSwiftPackageReference "supabase-swift" */;
			productName = PostgREST;
		};
		E7C124042DE80015007F95EB /* Storage */ = {
			isa = XCSwiftPackageProductDependency;
			package = E7C123FD2DE80015007F95EB /* XCRemoteSwiftPackageReference "supabase-swift" */;
			productName = Storage;
		};
		E7C124072DE80035007F95EB /* Supabase */ = {
			isa = XCSwiftPackageProductDependency;
			package = E7C123FD2DE80015007F95EB /* XCRemoteSwiftPackageReference "supabase-swift" */;
			productName = Supabase;
		};
/* End XCSwiftPackageProductDependency section */
	};
	rootObject = 2192E0292DE60D1F00E25BF7 /* Project object */;
}
